
Microsoft Visual Studio Solution File, Format Version 12.00
# Visual Studio 15
VisualStudioVersion = 15.0.28307.168
MinimumVisualStudioVersion = 10.0.40219.1
Project("{FAE04EC0-301F-11D3-BF4B-00C04F79EFBC}") = "lekarna", "lekarna\lekarna.csproj", "{2D319B27-7634-49A6-9D31-76B76B3BEAC3}"
EndProject
Global
	GlobalSection(SolutionConfigurationPlatforms) = preSolution
		Debug|Any CPU = Debug|Any CPU
		Release|Any CPU = Release|Any CPU
	EndGlobalSection
	GlobalSection(ProjectConfigurationPlatforms) = postSolution
		{2D319B27-7634-49A6-9D31-76B76B3BEAC3}.Debug|Any CPU.ActiveCfg = Debug|Any CPU
		{2D319B27-7634-49A6-9D31-76B76B3BEAC3}.Debug|Any CPU.Build.0 = Debug|Any CPU
		{2D319B27-7634-49A6-9D31-76B76B3BEAC3}.Release|Any CPU.ActiveCfg = Release|Any CPU
		{2D319B27-7634-49A6-9D31-76B76B3BEAC3}.Release|Any CPU.Build.0 = Release|Any CPU
	EndGlobalSection
	GlobalSection(SolutionProperties) = preSolution
		HideSolutionNode = FALSE
	EndGlobalSection
	GlobalSection(ExtensibilityGlobals) = postSolution
		SolutionGuid = {2283E903-A7F4-4820-A554-806B751F2DFC}
	EndGlobalSection
EndGlobal
